
Microsoft Visual Studio Solution File, Format Version 12.00
# Visual Studio Version 17
VisualStudioVersion = 17.4.33213.308
MinimumVisualStudioVersion = 10.0.40219.1
Project("{888888A0-9F3D-457C-B088-3A5042F75D52}") = "BottleWebProject_tarasov", "BottleWebProject_tarasov\BottleWebProject_tarasov.pyproj", "{532509A8-9FE3-44CD-8CE8-57237AEE7BAD}"
EndProject
Global
	GlobalSection(SolutionConfigurationPlatforms) = preSolution
		Debug|Any CPU = Debug|Any CPU
		Release|Any CPU = Release|Any CPU
	EndGlobalSection
	GlobalSection(ProjectConfigurationPlatforms) = postSolution
		{532509A8-9FE3-44CD-8CE8-57237AEE7BAD}.Debug|Any CPU.ActiveCfg = Debug|Any CPU
		{532509A8-9FE3-44CD-8CE8-57237AEE7BAD}.Debug|Any CPU.Build.0 = Debug|Any CPU
		{532509A8-9FE3-44CD-8CE8-57237AEE7BAD}.Release|Any CPU.ActiveCfg = Release|Any CPU
		{532509A8-9FE3-44CD-8CE8-57237AEE7BAD}.Release|Any CPU.Build.0 = Release|Any CPU
	EndGlobalSection
	GlobalSection(SolutionProperties) = preSolution
		HideSolutionNode = FALSE
	EndGlobalSection
	GlobalSection(ExtensibilityGlobals) = postSolution
		SolutionGuid = {AE5EA014-724D-4EC8-B2ED-8B3B36A1515C}
	EndGlobalSection
EndGlobal
